
Microsoft Visual Studio Solution File, Format Version 12.00
# Visual Studio Version 17
VisualStudioVersion = 17.10.35027.167
MinimumVisualStudioVersion = 10.0.40219.1
Project("{FAE04EC0-301F-11D3-BF4B-00C04F79EFBC}") = "RaceReviewer", "RaceReviewer\RaceReviewer.csproj", "{50E75103-4744-44F3-8678-6F60299F6BAC}"
EndProject
Project("{FAE04EC0-301F-11D3-BF4B-00C04F79EFBC}") = "netkeibaLib", "netkeibaLib\netkeibaLib.csproj", "{1CBA0C06-43CD-4954-A5CD-D0DE40203EC2}"
EndProject
Global
	GlobalSection(SolutionConfigurationPlatforms) = preSolution
		Debug|Any CPU = Debug|Any CPU
		Release|Any CPU = Release|Any CPU
	EndGlobalSection
	GlobalSection(ProjectConfigurationPlatforms) = postSolution
		{50E75103-4744-44F3-8678-6F60299F6BAC}.Debug|Any CPU.ActiveCfg = Debug|Any CPU
		{50E75103-4744-44F3-8678-6F60299F6BAC}.Debug|Any CPU.Build.0 = Debug|Any CPU
		{50E75103-4744-44F3-8678-6F60299F6BAC}.Release|Any CPU.ActiveCfg = Release|Any CPU
		{50E75103-4744-44F3-8678-6F60299F6BAC}.Release|Any CPU.Build.0 = Release|Any CPU
		{1CBA0C06-43CD-4954-A5CD-D0DE40203EC2}.Debug|Any CPU.ActiveCfg = Debug|Any CPU
		{1CBA0C06-43CD-4954-A5CD-D0DE40203EC2}.Debug|Any CPU.Build.0 = Debug|Any CPU
		{1CBA0C06-43CD-4954-A5CD-D0DE40203EC2}.Release|Any CPU.ActiveCfg = Release|Any CPU
		{1CBA0C06-43CD-4954-A5CD-D0DE40203EC2}.Release|Any CPU.Build.0 = Release|Any CPU
	EndGlobalSection
	GlobalSection(SolutionProperties) = preSolution
		HideSolutionNode = FALSE
	EndGlobalSection
	GlobalSection(ExtensibilityGlobals) = postSolution
		SolutionGuid = {35B08174-9C5A-48AD-B279-EAF258CE2031}
	EndGlobalSection
EndGlobal
